
Microsoft Visual Studio Solution File, Format Version 12.00
# Visual Studio Version 16
VisualStudioVersion = 16.0.29613.14
MinimumVisualStudioVersion = 10.0.40219.1
Project("{FAE04EC0-301F-11D3-BF4B-00C04F79EFBC}") = "Innovators.NotificationSender.API", "Innovators.NotificationSender.API\Innovators.NotificationSender.API.csproj", "{2117A5DC-B850-4E68-B2D4-FE51E241A70A}"
EndProject
Project("{FAE04EC0-301F-11D3-BF4B-00C04F79EFBC}") = "Innovators.NotificationSender.Common", "Innovators.NotificationSender.Common\Innovators.NotificationSender.Common.csproj", "{E4F2533E-19A9-4A60-9355-09071A33FB96}"
EndProject
Project("{FAE04EC0-301F-11D3-BF4B-00C04F79EFBC}") = "Innovators.NotificationSender.Domain", "Innovators.NotificationSender.Domain\Innovators.NotificationSender.Domain.csproj", "{D8CE6D21-B889-4E82-916A-09C104B5DBD0}"
EndProject
Project("{FAE04EC0-301F-11D3-BF4B-00C04F79EFBC}") = "Innovators.NotificationSender.Persistence", "Innovators.NotificationSender.Persistence\Innovators.NotificationSender.Persistence.csproj", "{6F337F60-66B8-4FC3-9461-4DBF841757D6}"
EndProject
Project("{FAE04EC0-301F-11D3-BF4B-00C04F79EFBC}") = "Innovators.NotificationSender.Service", "Innovators.NotificationSender.Service\Innovators.NotificationSender.Service.csproj", "{0CDC8042-58EA-4A16-AE5D-2987D370387E}"
EndProject
Global
	GlobalSection(SolutionConfigurationPlatforms) = preSolution
		Debug|Any CPU = Debug|Any CPU
		Release|Any CPU = Release|Any CPU
	EndGlobalSection
	GlobalSection(ProjectConfigurationPlatforms) = postSolution
		{2117A5DC-B850-4E68-B2D4-FE51E241A70A}.Debug|Any CPU.ActiveCfg = Debug|Any CPU
		{2117A5DC-B850-4E68-B2D4-FE51E241A70A}.Debug|Any CPU.Build.0 = Debug|Any CPU
		{2117A5DC-B850-4E68-B2D4-FE51E241A70A}.Release|Any CPU.ActiveCfg = Release|Any CPU
		{2117A5DC-B850-4E68-B2D4-FE51E241A70A}.Release|Any CPU.Build.0 = Release|Any CPU
		{E4F2533E-19A9-4A60-9355-09071A33FB96}.Debug|Any CPU.ActiveCfg = Debug|Any CPU
		{E4F2533E-19A9-4A60-9355-09071A33FB96}.Debug|Any CPU.Build.0 = Debug|Any CPU
		{E4F2533E-19A9-4A60-9355-09071A33FB96}.Release|Any CPU.ActiveCfg = Release|Any CPU
		{E4F2533E-19A9-4A60-9355-09071A33FB96}.Release|Any CPU.Build.0 = Release|Any CPU
		{D8CE6D21-B889-4E82-916A-09C104B5DBD0}.Debug|Any CPU.ActiveCfg = Debug|Any CPU
		{D8CE6D21-B889-4E82-916A-09C104B5DBD0}.Debug|Any CPU.Build.0 = Debug|Any CPU
		{D8CE6D21-B889-4E82-916A-09C104B5DBD0}.Release|Any CPU.ActiveCfg = Release|Any CPU
		{D8CE6D21-B889-4E82-916A-09C104B5DBD0}.Release|Any CPU.Build.0 = Release|Any CPU
		{6F337F60-66B8-4FC3-9461-4DBF841757D6}.Debug|Any CPU.ActiveCfg = Debug|Any CPU
		{6F337F60-66B8-4FC3-9461-4DBF841757D6}.Debug|Any CPU.Build.0 = Debug|Any CPU
		{6F337F60-66B8-4FC3-9461-4DBF841757D6}.Release|Any CPU.ActiveCfg = Release|Any CPU
		{6F337F60-66B8-4FC3-9461-4DBF841757D6}.Release|Any CPU.Build.0 = Release|Any CPU
		{0CDC8042-58EA-4A16-AE5D-2987D370387E}.Debug|Any CPU.ActiveCfg = Debug|Any CPU
		{0CDC8042-58EA-4A16-AE5D-2987D370387E}.Debug|Any CPU.Build.0 = Debug|Any CPU
		{0CDC8042-58EA-4A16-AE5D-2987D370387E}.Release|Any CPU.ActiveCfg = Release|Any CPU
		{0CDC8042-58EA-4A16-AE5D-2987D370387E}.Release|Any CPU.Build.0 = Release|Any CPU
	EndGlobalSection
	GlobalSection(SolutionProperties) = preSolution
		HideSolutionNode = FALSE
	EndGlobalSection
	GlobalSection(ExtensibilityGlobals) = postSolution
		SolutionGuid = {E8C78C7F-B636-4BF6-AE3B-52836915B82B}
	EndGlobalSection
EndGlobal
